
Microsoft Visual Studio Solution File, Format Version 12.00
# Visual Studio Version 16
VisualStudioVersion = 16.0.29409.12
MinimumVisualStudioVersion = 10.0.40219.1
Project("{FAE04EC0-301F-11D3-BF4B-00C04F79EFBC}") = "AbstractFactoryPattern", "AbstractFactoryPattern.csproj", "{C769C8AF-D651-4B08-837E-3DB61C24AF30}"
EndProject
Global
	GlobalSection(SolutionConfigurationPlatforms) = preSolution
		Debug|Any CPU = Debug|Any CPU
		Release|Any CPU = Release|Any CPU
	EndGlobalSection
	GlobalSection(ProjectConfigurationPlatforms) = postSolution
		{C769C8AF-D651-4B08-837E-3DB61C24AF30}.Debug|Any CPU.ActiveCfg = Debug|Any CPU
		{C769C8AF-D651-4B08-837E-3DB61C24AF30}.Debug|Any CPU.Build.0 = Debug|Any CPU
		{C769C8AF-D651-4B08-837E-3DB61C24AF30}.Release|Any CPU.ActiveCfg = Release|Any CPU
		{C769C8AF-D651-4B08-837E-3DB61C24AF30}.Release|Any CPU.Build.0 = Release|Any CPU
	EndGlobalSection
	GlobalSection(SolutionProperties) = preSolution
		HideSolutionNode = FALSE
	EndGlobalSection
	GlobalSection(ExtensibilityGlobals) = postSolution
		SolutionGuid = {2EB48226-BC97-4823-AA98-E7D9F7CC4FE2}
	EndGlobalSection
EndGlobal
